
Microsoft Visual Studio Solution File, Format Version 12.00
# Visual Studio Version 17
VisualStudioVersion = 17.2.32630.192
MinimumVisualStudioVersion = 10.0.40219.1
Project("{FAE04EC0-301F-11D3-BF4B-00C04F79EFBC}") = "SpaceInvader", "SpaceInvader\SpaceInvader.csproj", "{77750232-429A-47C0-A0D2-0C5998B77FCE}"
EndProject
Global
	GlobalSection(SolutionConfigurationPlatforms) = preSolution
		Debug|Any CPU = Debug|Any CPU
		Release|Any CPU = Release|Any CPU
	EndGlobalSection
	GlobalSection(ProjectConfigurationPlatforms) = postSolution
		{77750232-429A-47C0-A0D2-0C5998B77FCE}.Debug|Any CPU.ActiveCfg = Debug|Any CPU
		{77750232-429A-47C0-A0D2-0C5998B77FCE}.Debug|Any CPU.Build.0 = Debug|Any CPU
		{77750232-429A-47C0-A0D2-0C5998B77FCE}.Release|Any CPU.ActiveCfg = Release|Any CPU
		{77750232-429A-47C0-A0D2-0C5998B77FCE}.Release|Any CPU.Build.0 = Release|Any CPU
	EndGlobalSection
	GlobalSection(SolutionProperties) = preSolution
		HideSolutionNode = FALSE
	EndGlobalSection
	GlobalSection(ExtensibilityGlobals) = postSolution
		SolutionGuid = {E54FF3E8-A977-4EE8-9789-10DB6D1967DF}
	EndGlobalSection
EndGlobal
